
Microsoft Visual Studio Solution File, Format Version 12.00
# Visual Studio Version 17
VisualStudioVersion = 17.8.34408.163
MinimumVisualStudioVersion = 10.0.40219.1
Project("{FAE04EC0-301F-11D3-BF4B-00C04F79EFBC}") = "APIBowlers", "APIBowlers.csproj", "{2CD7E4F5-0F70-4C93-AD19-0B6113724B40}"
EndProject
Global
	GlobalSection(SolutionConfigurationPlatforms) = preSolution
		Debug|Any CPU = Debug|Any CPU
		Release|Any CPU = Release|Any CPU
	EndGlobalSection
	GlobalSection(ProjectConfigurationPlatforms) = postSolution
		{2CD7E4F5-0F70-4C93-AD19-0B6113724B40}.Debug|Any CPU.ActiveCfg = Debug|Any CPU
		{2CD7E4F5-0F70-4C93-AD19-0B6113724B40}.Debug|Any CPU.Build.0 = Debug|Any CPU
		{2CD7E4F5-0F70-4C93-AD19-0B6113724B40}.Release|Any CPU.ActiveCfg = Release|Any CPU
		{2CD7E4F5-0F70-4C93-AD19-0B6113724B40}.Release|Any CPU.Build.0 = Release|Any CPU
	EndGlobalSection
	GlobalSection(SolutionProperties) = preSolution
		HideSolutionNode = FALSE
	EndGlobalSection
	GlobalSection(ExtensibilityGlobals) = postSolution
		SolutionGuid = {68226DE5-6E23-4AD2-8D6A-5DC18EE5DA8A}
	EndGlobalSection
EndGlobal
